
Microsoft Visual Studio Solution File, Format Version 12.00
# Visual Studio 14
VisualStudioVersion = 14.0.23107.0
MinimumVisualStudioVersion = 10.0.40219.1
Project("{FAE04EC0-301F-11D3-BF4B-00C04F79EFBC}") = "Fiszka", "MVVMTest\Fiszka.csproj", "{08957866-8893-4797-B085-9360F2D6F3D8}"
EndProject
Project("{FAE04EC0-301F-11D3-BF4B-00C04F79EFBC}") = "Interfaces", "Interfaces\Interfaces.csproj", "{C85B73A0-AE63-4B16-AE00-2E9136231C54}"
EndProject
Project("{FAE04EC0-301F-11D3-BF4B-00C04F79EFBC}") = "FiszkaLibraryMock1", "CarLibraryMock1\FiszkaLibraryMock1.csproj", "{33CE813E-DEEC-49B7-948C-8DF2E12CA5CD}"
EndProject
Global
	GlobalSection(SolutionConfigurationPlatforms) = preSolution
		Debug|Any CPU = Debug|Any CPU
		Release|Any CPU = Release|Any CPU
	EndGlobalSection
	GlobalSection(ProjectConfigurationPlatforms) = postSolution
		{08957866-8893-4797-B085-9360F2D6F3D8}.Debug|Any CPU.ActiveCfg = Debug|Any CPU
		{08957866-8893-4797-B085-9360F2D6F3D8}.Debug|Any CPU.Build.0 = Debug|Any CPU
		{08957866-8893-4797-B085-9360F2D6F3D8}.Release|Any CPU.ActiveCfg = Release|Any CPU
		{08957866-8893-4797-B085-9360F2D6F3D8}.Release|Any CPU.Build.0 = Release|Any CPU
		{C85B73A0-AE63-4B16-AE00-2E9136231C54}.Debug|Any CPU.ActiveCfg = Debug|Any CPU
		{C85B73A0-AE63-4B16-AE00-2E9136231C54}.Debug|Any CPU.Build.0 = Debug|Any CPU
		{C85B73A0-AE63-4B16-AE00-2E9136231C54}.Release|Any CPU.ActiveCfg = Release|Any CPU
		{C85B73A0-AE63-4B16-AE00-2E9136231C54}.Release|Any CPU.Build.0 = Release|Any CPU
		{33CE813E-DEEC-49B7-948C-8DF2E12CA5CD}.Debug|Any CPU.ActiveCfg = Debug|Any CPU
		{33CE813E-DEEC-49B7-948C-8DF2E12CA5CD}.Debug|Any CPU.Build.0 = Debug|Any CPU
		{33CE813E-DEEC-49B7-948C-8DF2E12CA5CD}.Release|Any CPU.ActiveCfg = Release|Any CPU
		{33CE813E-DEEC-49B7-948C-8DF2E12CA5CD}.Release|Any CPU.Build.0 = Release|Any CPU
	EndGlobalSection
	GlobalSection(SolutionProperties) = preSolution
		HideSolutionNode = FALSE
	EndGlobalSection
EndGlobal
